github.com/dotWicho/requist v0.7.0 h1:lSueEdPm1yO+4CnnWjuLFLShXvpdPGRFs2qg1jfrv3Y=
github.com/dotWicho/requist v0.7.0/go.mod h1:qXGc0rp3ngVd5sc7Ox2ZmaMqSevg5vAr45wWYhYDQMc=
github.com/google/go-querystring v1.0.0 h1:Xkwi/a1rcvNg1PPYe5vI8GbeBY/jrVuDX5ASuANWTrk=
github.com/google/go-querystring v1.0.0/go.mod h1:odCYkC5MyYFN7vkCjXpyrEuKhc/BUO6wN/zVPAxq5ck=
